
Microsoft Visual Studio Solution File, Format Version 12.00
# Visual Studio 15
Project("{FAE04EC0-301F-11D3-BF4B-00C04F79EFBC}") = "Assembly-CSharp", "Assembly-CSharp.csproj", "{66E0184F-A415-DC0C-FEC7-607F5F497FDF}"
EndProject
Global
	GlobalSection(SolutionConfigurationPlatforms) = preSolution
		Debug|Any CPU = Debug|Any CPU
		Release|Any CPU = Release|Any CPU
	EndGlobalSection
	GlobalSection(ProjectConfigurationPlatforms) = postSolution
		{66E0184F-A415-DC0C-FEC7-607F5F497FDF}.Debug|Any CPU.ActiveCfg = Debug|Any CPU
		{66E0184F-A415-DC0C-FEC7-607F5F497FDF}.Debug|Any CPU.Build.0 = Debug|Any CPU
		{66E0184F-A415-DC0C-FEC7-607F5F497FDF}.Release|Any CPU.ActiveCfg = Release|Any CPU
		{66E0184F-A415-DC0C-FEC7-607F5F497FDF}.Release|Any CPU.Build.0 = Release|Any CPU
	EndGlobalSection
	GlobalSection(SolutionProperties) = preSolution
		HideSolutionNode = FALSE
	EndGlobalSection
EndGlobal
